// !$*UTF8*$!
{
	archiveVersion = 1;
	classes = {
	};
	objectVersion = 48;
	objects = {

/* Begin PBXBuildFile section */
		F10D5D2C203FF71B00A861F7 /* AppDelegate.swift in Sources */ = {isa = PBXBuildFile; fileRef = F10D5D2B203FF71B00A861F7 /* AppDelegate.swift */; };
		F10D5D2E203FF71B00A861F7 /* ViewController.swift in Sources */ = {isa = PBXBuildFile; fileRef = F10D5D2D203FF71B00A861F7 /* ViewController.swift */; };
		F10D5D33203FF71B00A861F7 /* Assets.xcassets in Resources */ = {isa = PBXBuildFile; fileRef = F10D5D32203FF71B00A861F7 /* Assets.xcassets */; };
		F10D5D36203FF71B00A861F7 /* LaunchScreen.storyboard in Resources */ = {isa = PBXBuildFile; fileRef = F10D5D34203FF71B00A861F7 /* LaunchScreen.storyboard */; };
		F10D5D41203FF71B00A861F7 /* EMPageViewControllerTests.swift in Sources */ = {isa = PBXBuildFile; fileRef = F10D5D40203FF71B00A861F7 /* EMPageViewControllerTests.swift */; };
		F10D5D4C203FF71B00A861F7 /* EMPageViewControllerUITests.swift in Sources */ = {isa = PBXBuildFile; fileRef = F10D5D4B203FF71B00A861F7 /* EMPageViewControllerUITests.swift */; };
		F10D5D5B203FFD2500A861F7 /* EMPageController.swift in Sources */ = {isa = PBXBuildFile; fileRef = F10D5D5A203FFD2500A861F7 /* EMPageController.swift */; };
/* End PBXBuildFile section */

/* Begin PBXContainerItemProxy section */
		F10D5D3D203FF71B00A861F7 /* PBXContainerItemProxy */ = {
			isa = PBXContainerItemProxy;
			containerPortal = F10D5D20203FF71B00A861F7 /* Project object */;
			proxyType = 1;
			remoteGlobalIDString = F10D5D27203FF71B00A861F7;
			remoteInfo = EMPageViewController;
		};
		F10D5D48203FF71B00A861F7 /* PBXContainerItemProxy */ = {
			isa = PBXContainerItemProxy;
			containerPortal = F10D5D20203FF71B00A861F7 /* Project object */;
			proxyType = 1;
			remoteGlobalIDString = F10D5D27203FF71B00A861F7;
			remoteInfo = EMPageViewController;
		};
/* End PBXContainerItemProxy section */

/* Begin PBXFileReference section */
		F10D5D28203FF71B00A861F7 /* EMPageViewController.app */ = {isa = PBXFileReference; explicitFileType = wrapper.application; includeInIndex = 0; path = EMPageViewController.app; sourceTree = BUILT_PRODUCTS_DIR; };
		F10D5D2B203FF71B00A861F7 /* AppDelegate.swift */ = {isa = PBXFileReference; lastKnownFileType = sourcecode.swift; path = AppDelegate.swift; sourceTree = "<group>"; };
		F10D5D2D203FF71B00A861F7 /* ViewController.swift */ = {isa = PBXFileReference; lastKnownFileType = sourcecode.swift; path = ViewController.swift; sourceTree = "<group>"; };
		F10D5D32203FF71B00A861F7 /* Assets.xcassets */ = {isa = PBXFileReference; lastKnownFileType = folder.assetcatalog; path = Assets.xcassets; sourceTree = "<group>"; };
		F10D5D35203FF71B00A861F7 /* Base */ = {isa = PBXFileReference; lastKnownFileType = file.storyboard; name = Base; path = Base.lproj/LaunchScreen.storyboard; sourceTree = "<group>"; };
		F10D5D37203FF71B00A861F7 /* Info.plist */ = {isa = PBXFileReference; lastKnownFileType = text.plist.xml; path = Info.plist; sourceTree = "<group>"; };
		F10D5D3C203FF71B00A861F7 /* EMPageViewControllerTests.xctest */ = {isa = PBXFileReference; explicitFileType = wrapper.cfbundle; includeInIndex = 0; path = EMPageViewControllerTests.xctest; sourceTree = BUILT_PRODUCTS_DIR; };
		F10D5D40203FF71B00A861F7 /* EMPageViewControllerTests.swift */ = {isa = PBXFileReference; lastKnownFileType = sourcecode.swift; path = EMPageViewControllerTests.swift; sourceTree = "<group>"; };
		F10D5D42203FF71B00A861F7 /* Info.plist */ = {isa = PBXFileReference; lastKnownFileType = text.plist.xml; path = Info.plist; sourceTree = "<group>"; };
		F10D5D47203FF71B00A861F7 /* EMPageViewControllerUITests.xctest */ = {isa = PBXFileReference; explicitFileType = wrapper.cfbundle; includeInIndex = 0; path = EMPageViewControllerUITests.xctest; sourceTree = BUILT_PRODUCTS_DIR; };
		F10D5D4B203FF71B00A861F7 /* EMPageViewControllerUITests.swift */ = {isa = PBXFileReference; lastKnownFileType = sourcecode.swift; path = EMPageViewControllerUITests.swift; sourceTree = "<group>"; };
		F10D5D4D203FF71B00A861F7 /* Info.plist */ = {isa = PBXFileReference; lastKnownFileType = text.plist.xml; path = Info.plist; sourceTree = "<group>"; };
		F10D5D5A203FFD2500A861F7 /* EMPageController.swift */ = {isa = PBXFileReference; lastKnownFileType = sourcecode.swift; path = EMPageController.swift; sourceTree = "<group>"; };
/* End PBXFileReference section */

/* Begin PBXFrameworksBuildPhase section */
		F10D5D25203FF71B00A861F7 /* Frameworks */ = {
			isa = PBXFrameworksBuildPhase;
			buildActionMask = 2147483647;
			files = (
			);
			runOnlyForDeploymentPostprocessing = 0;
		};
		F10D5D39203FF71B00A861F7 /* Frameworks */ = {
			isa = PBXFrameworksBuildPhase;
			buildActionMask = 2147483647;
			files = (
			);
			runOnlyForDeploymentPostprocessing = 0;
		};
		F10D5D44203FF71B00A861F7 /* Frameworks */ = {
			isa = PBXFrameworksBuildPhase;
			buildActionMask = 2147483647;
			files = (
			);
			runOnlyForDeploymentPostprocessing = 0;
		};
/* End PBXFrameworksBuildPhase section */

/* Begin PBXGroup section */
		F10D5D1F203FF71B00A861F7 = {
			isa = PBXGroup;
			children = (
				F10D5D2A203FF71B00A861F7 /* EMPageViewController */,
				F10D5D3F203FF71B00A861F7 /* EMPageViewControllerTests */,
				F10D5D4A203FF71B00A861F7 /* EMPageViewControllerUITests */,
				F10D5D29203FF71B00A861F7 /* Products */,
			);
			sourceTree = "<group>";
		};
		F10D5D29203FF71B00A861F7 /* Products */ = {
			isa = PBXGroup;
			children = (
				F10D5D28203FF71B00A861F7 /* EMPageViewController.app */,
				F10D5D3C203FF71B00A861F7 /* EMPageViewControllerTests.xctest */,
				F10D5D47203FF71B00A861F7 /* EMPageViewControllerUITests.xctest */,
			);
			name = Products;
			sourceTree = "<group>";
		};
		F10D5D2A203FF71B00A861F7 /* EMPageViewController */ = {
			isa = PBXGroup;
			children = (
				F10D5D59203FFA7900A861F7 /* EMPageController */,
				F10D5D2B203FF71B00A861F7 /* AppDelegate.swift */,
				F10D5D2D203FF71B00A861F7 /* ViewController.swift */,
				F10D5D32203FF71B00A861F7 /* Assets.xcassets */,
				F10D5D34203FF71B00A861F7 /* LaunchScreen.storyboard */,
				F10D5D37203FF71B00A861F7 /* Info.plist */,
			);
			path = EMPageViewController;
			sourceTree = "<group>";
		};
		F10D5D3F203FF71B00A861F7 /* EMPageViewControllerTests */ = {
			isa = PBXGroup;
			children = (
				F10D5D40203FF71B00A861F7 /* EMPageViewControllerTests.swift */,
				F10D5D42203FF71B00A861F7 /* Info.plist */,
			);
			path = EMPageViewControllerTests;
			sourceTree = "<group>";
		};
		F10D5D4A203FF71B00A861F7 /* EMPageViewControllerUITests */ = {
			isa = PBXGroup;
			children = (
				F10D5D4B203FF71B00A861F7 /* EMPageViewControllerUITests.swift */,
				F10D5D4D203FF71B00A861F7 /* Info.plist */,
			);
			path = EMPageViewControllerUITests;
			sourceTree = "<group>";
		};
		F10D5D59203FFA7900A861F7 /* EMPageController */ = {
			isa = PBXGroup;
			children = (
				F10D5D5A203FFD2500A861F7 /* EMPageController.swift */,
			);
			path = EMPageController;
			sourceTree = "<group>";
		};
/* End PBXGroup section */

/* Begin PBXNativeTarget section */
		F10D5D27203FF71B00A861F7 /* EMPageViewController */ = {
			isa = PBXNativeTarget;
			buildConfigurationList = F10D5D50203FF71B00A861F7 /* Build configuration list for PBXNativeTarget "EMPageViewController" */;
			buildPhases = (
				F10D5D24203FF71B00A861F7 /* Sources */,
				F10D5D25203FF71B00A861F7 /* Frameworks */,
				F10D5D26203FF71B00A861F7 /* Resources */,
			);
			buildRules = (
			);
			dependencies = (
			);
			name = EMPageViewController;
			productName = EMPageViewController;
			productReference = F10D5D28203FF71B00A861F7 /* EMPageViewController.app */;
			productType = "com.apple.product-type.application";
		};
		F10D5D3B203FF71B00A861F7 /* EMPageViewControllerTests */ = {
			isa = PBXNativeTarget;
			buildConfigurationList = F10D5D53203FF71B00A861F7 /* Build configuration list for PBXNativeTarget "EMPageViewControllerTests" */;
			buildPhases = (
				F10D5D38203FF71B00A861F7 /* Sources */,
				F10D5D39203FF71B00A861F7 /* Frameworks */,
				F10D5D3A203FF71B00A861F7 /* Resources */,
			);
			buildRules = (
			);
			dependencies = (
				F10D5D3E203FF71B00A861F7 /* PBXTargetDependency */,
			);
			name = EMPageViewControllerTests;
			productName = EMPageViewControllerTests;
			productReference = F10D5D3C203FF71B00A861F7 /* EMPageViewControllerTests.xctest */;
			productType = "com.apple.product-type.bundle.unit-test";
		};
		F10D5D46203FF71B00A861F7 /* EMPageViewControllerUITests */ = {
			isa = PBXNativeTarget;
			buildConfigurationList = F10D5D56203FF71B00A861F7 /* Build configuration list for PBXNativeTarget "EMPageViewControllerUITests" */;
			buildPhases = (
				F10D5D43203FF71B00A861F7 /* Sources */,
				F10D5D44203FF71B00A861F7 /* Frameworks */,
				F10D5D45203FF71B00A861F7 /* Resources */,
			);
			buildRules = (
			);
			dependencies = (
				F10D5D49203FF71B00A861F7 /* PBXTargetDependency */,
			);
			name = EMPageViewControllerUITests;
			productName = EMPageViewControllerUITests;
			productReference = F10D5D47203FF71B00A861F7 /* EMPageViewControllerUITests.xctest */;
			productType = "com.apple.product-type.bundle.ui-testing";
		};
/* End PBXNativeTarget section */

/* Begin PBXProject section */
		F10D5D20203FF71B00A861F7 /* Project object */ = {
			isa = PBXProject;
			attributes = {
				LastSwiftUpdateCheck = 0920;
				LastUpgradeCheck = 0920;
				ORGANIZATIONNAME = com.eamon;
				TargetAttributes = {
					F10D5D27203FF71B00A861F7 = {
						CreatedOnToolsVersion = 9.2;
						ProvisioningStyle = Automatic;
					};
					F10D5D3B203FF71B00A861F7 = {
						CreatedOnToolsVersion = 9.2;
						ProvisioningStyle = Automatic;
						TestTargetID = F10D5D27203FF71B00A861F7;
					};
					F10D5D46203FF71B00A861F7 = {
						CreatedOnToolsVersion = 9.2;
						ProvisioningStyle = Automatic;
						TestTargetID = F10D5D27203FF71B00A861F7;
					};
				};
			};
			buildConfigurationList = F10D5D23203FF71B00A861F7 /* Build configuration list for PBXProject "EMPageViewController" */;
			compatibilityVersion = "Xcode 8.0";
			developmentRegion = en;
			hasScannedForEncodings = 0;
			knownRegions = (
				en,
				Base,
			);
			mainGroup = F10D5D1F203FF71B00A861F7;
			productRefGroup = F10D5D29203FF71B00A861F7 /* Products */;
			projectDirPath = "";
			projectRoot = "";
			targets = (
				F10D5D27203FF71B00A861F7 /* EMPageViewController */,
				F10D5D3B203FF71B00A861F7 /* EMPageViewControllerTests */,
				F10D5D46203FF71B00A861F7 /* EMPageViewControllerUITests */,
			);
		};
/* End PBXProject section */

/* Begin PBXResourcesBuildPhase section */
		F10D5D26203FF71B00A861F7 /* Resources */ = {
			isa = PBXResourcesBuildPhase;
			buildActionMask = 2147483647;
			files = (
				F10D5D36203FF71B00A861F7 /* LaunchScreen.storyboard in Resources */,
				F10D5D33203FF71B00A861F7 /* Assets.xcassets in Resources */,
			);
			runOnlyForDeploymentPostprocessing = 0;
		};
		F10D5D3A203FF71B00A861F7 /* Resources */ = {
			isa = PBXResourcesBuildPhase;
			buildActionMask = 2147483647;
			files = (
			);
			runOnlyForDeploymentPostprocessing = 0;
		};
		F10D5D45203FF71B00A861F7 /* Resources */ = {
			isa = PBXResourcesBuildPhase;
			buildActionMask = 2147483647;
			files = (
			);
			runOnlyForDeploymentPostprocessing = 0;
		};
/* End PBXResourcesBuildPhase section */

/* Begin PBXSourcesBuildPhase section */
		F10D5D24203FF71B00A861F7 /* Sources */ = {
			isa = PBXSourcesBuildPhase;
			buildActionMask = 2147483647;
			files = (
				F10D5D2E203FF71B00A861F7 /* ViewController.swift in Sources */,
				F10D5D5B203FFD2500A861F7 /* EMPageController.swift in Sources */,
				F10D5D2C203FF71B00A861F7 /* AppDelegate.swift in Sources */,
			);
			runOnlyForDeploymentPostprocessing = 0;
		};
		F10D5D38203FF71B00A861F7 /* Sources */ = {
			isa = PBXSourcesBuildPhase;
			buildActionMask = 2147483647;
			files = (
				F10D5D41203FF71B00A861F7 /* EMPageViewControllerTests.swift in Sources */,
			);
			runOnlyForDeploymentPostprocessing = 0;
		};
		F10D5D43203FF71B00A861F7 /* Sources */ = {
			isa = PBXSourcesBuildPhase;
			buildActionMask = 2147483647;
			files = (
				F10D5D4C203FF71B00A861F7 /* EMPageViewControllerUITests.swift in Sources */,
			);
			runOnlyForDeploymentPostprocessing = 0;
		};
/* End PBXSourcesBuildPhase section */

/* Begin PBXTargetDependency section */
		F10D5D3E203FF71B00A861F7 /* PBXTargetDependency */ = {
			isa = PBXTargetDependency;
			target = F10D5D27203FF71B00A861F7 /* EMPageViewController */;
			targetProxy = F10D5D3D203FF71B00A861F7 /* PBXContainerItemProxy */;
		};
		F10D5D49203FF71B00A861F7 /* PBXTargetDependency */ = {
			isa = PBXTargetDependency;
			target = F10D5D27203FF71B00A861F7 /* EMPageViewController */;
			targetProxy = F10D5D48203FF71B00A861F7 /* PBXContainerItemProxy */;
		};
/* End PBXTargetDependency section */

/* Begin PBXVariantGroup section */
		F10D5D34203FF71B00A861F7 /* LaunchScreen.storyboard */ = {
			isa = PBXVariantGroup;
			children = (
				F10D5D35203FF71B00A861F7 /* Base */,
			);
			name = LaunchScreen.storyboard;
			sourceTree = "<group>";
		};
/* End PBXVariantGroup section */

/* Begin XCBuildConfiguration section */
		F10D5D4E203FF71B00A861F7 /* Debug */ = {
			isa = XCBuildConfiguration;
			buildSettings = {
				ALWAYS_SEARCH_USER_PATHS = NO;
				CLANG_ANALYZER_NONNULL = YES;
				CLANG_ANALYZER_NUMBER_OBJECT_CONVERSION = YES_AGGRESSIVE;
				CLANG_CXX_LANGUAGE_STANDARD = "gnu++14";
				CLANG_CXX_LIBRARY = "libc++";
				CLANG_ENABLE_MODULES = YES;
				CLANG_ENABLE_OBJC_ARC = YES;
				CLANG_WARN_BLOCK_CAPTURE_AUTORELEASING = YES;
				CLANG_WARN_BOOL_CONVERSION = YES;
				CLANG_WARN_COMMA = YES;
				CLANG_WARN_CONSTANT_CONVERSION = YES;
				CLANG_WARN_DIRECT_OBJC_ISA_USAGE = YES_ERROR;
				CLANG_WARN_DOCUMENTATION_COMMENTS = YES;
				CLANG_WARN_EMPTY_BODY = YES;
				CLANG_WARN_ENUM_CONVERSION = YES;
				CLANG_WARN_INFINITE_RECURSION = YES;
				CLANG_WARN_INT_CONVERSION = YES;
				CLANG_WARN_NON_LITERAL_NULL_CONVERSION = YES;
				CLANG_WARN_OBJC_LITERAL_CONVERSION = YES;
				CLANG_WARN_OBJC_ROOT_CLASS = YES_ERROR;
				CLANG_WARN_RANGE_LOOP_ANALYSIS = YES;
				CLANG_WARN_STRICT_PROTOTYPES = YES;
				CLANG_WARN_SUSPICIOUS_MOVE = YES;
				CLANG_WARN_UNGUARDED_AVAILABILITY = YES_AGGRESSIVE;
				CLANG_WARN_UNREACHABLE_CODE = YES;
				CLANG_WARN__DUPLICATE_METHOD_MATCH = YES;
				CODE_SIGN_IDENTITY = "iPhone Developer";
				COPY_PHASE_STRIP = NO;
				DEBUG_INFORMATION_FORMAT = dwarf;
				ENABLE_STRICT_OBJC_MSGSEND = YES;
				ENABLE_TESTABILITY = YES;
				GCC_C_LANGUAGE_STANDARD = gnu11;
				GCC_DYNAMIC_NO_PIC = NO;
				GCC_NO_COMMON_BLOCKS = YES;
				GCC_OPTIMIZATION_LEVEL = 0;
				GCC_PREPROCESSOR_DEFINITIONS = (
					"DEBUG=1",
					"$(inherited)",
				);
				GCC_WARN_64_TO_32_BIT_CONVERSION = YES;
				GCC_WARN_ABOUT_RETURN_TYPE = YES_ERROR;
				GCC_WARN_UNDECLARED_SELECTOR = YES;
				GCC_WARN_UNINITIALIZED_AUTOS = YES_AGGRESSIVE;
				GCC_WARN_UNUSED_FUNCTION = YES;
				GCC_WARN_UNUSED_VARIABLE = YES;
				IPHONEOS_DEPLOYMENT_TARGET = 11.2;
				MTL_ENABLE_DEBUG_INFO = YES;
				ONLY_ACTIVE_ARCH = YES;
				SDKROOT = iphoneos;
				SWIFT_ACTIVE_COMPILATION_CONDITIONS = DEBUG;
				SWIFT_OPTIMIZATION_LEVEL = "-Onone";
			};
			name = Debug;
		};
		F10D5D4F203FF71B00A861F7 /* Release */ = {
			isa = XCBuildConfiguration;
			buildSettings = {
				ALWAYS_SEARCH_USER_PATHS = NO;
				CLANG_ANALYZER_NONNULL = YES;
				CLANG_ANALYZER_NUMBER_OBJECT_CONVERSION = YES_AGGRESSIVE;
				CLANG_CXX_LANGUAGE_STANDARD = "gnu++14";
				CLANG_CXX_LIBRARY = "libc++";
				CLANG_ENABLE_MODULES = YES;
				CLANG_ENABLE_OBJC_ARC = YES;
				CLANG_WARN_BLOCK_CAPTURE_AUTORELEASING = YES;
				CLANG_WARN_BOOL_CONVERSION = YES;
				CLANG_WARN_COMMA = YES;
				CLANG_WARN_CONSTANT_CONVERSION = YES;
				CLANG_WARN_DIRECT_OBJC_ISA_USAGE = YES_ERROR;
				CLANG_WARN_DOCUMENTATION_COMMENTS = YES;
				CLANG_WARN_EMPTY_BODY = YES;
				CLANG_WARN_ENUM_CONVERSION = YES;
				CLANG_WARN_INFINITE_RECURSION = YES;
				CLANG_WARN_INT_CONVERSION = YES;
				CLANG_WARN_NON_LITERAL_NULL_CONVERSION = YES;
				CLANG_WARN_OBJC_LITERAL_CONVERSION = YES;
				CLANG_WARN_OBJC_ROOT_CLASS = YES_ERROR;
				CLANG_WARN_RANGE_LOOP_ANALYSIS = YES;
				CLANG_WARN_STRICT_PROTOTYPES = YES;
				CLANG_WARN_SUSPICIOUS_MOVE = YES;
				CLANG_WARN_UNGUARDED_AVAILABILITY = YES_AGGRESSIVE;
				CLANG_WARN_UNREACHABLE_CODE = YES;
				CLANG_WARN__DUPLICATE_METHOD_MATCH = YES;
				CODE_SIGN_IDENTITY = "iPhone Developer";
				COPY_PHASE_STRIP = NO;
				DEBUG_INFORMATION_FORMAT = "dwarf-with-dsym";
				ENABLE_NS_ASSERTIONS = NO;
				ENABLE_STRICT_OBJC_MSGSEND = YES;
				GCC_C_LANGUAGE_STANDARD = gnu11;
				GCC_NO_COMMON_BLOCKS = YES;
				GCC_WARN_64_TO_32_BIT_CONVERSION = YES;
				GCC_WARN_ABOUT_RETURN_TYPE = YES_ERROR;
				GCC_WARN_UNDECLARED_SELECTOR = YES;
				GCC_WARN_UNINITIALIZED_AUTOS = YES_AGGRESSIVE;
				GCC_WARN_UNUSED_FUNCTION = YES;
				GCC_WARN_UNUSED_VARIABLE = YES;
				IPHONEOS_DEPLOYMENT_TARGET = 11.2;
				MTL_ENABLE_DEBUG_INFO = NO;
				SDKROOT = iphoneos;
				SWIFT_OPTIMIZATION_LEVEL = "-Owholemodule";
				VALIDATE_PRODUCT = YES;
			};
			name = Release;
		};
		F10D5D51203FF71B00A861F7 /* Debug */ = {
			isa = XCBuildConfiguration;
			buildSettings = {
				ASSETCATALOG_COMPILER_APPICON_NAME = AppIcon;
				CODE_SIGN_STYLE = Automatic;
				DEVELOPMENT_TEAM = 5N8LXT5RPD;
				INFOPLIST_FILE = EMPageViewController/Info.plist;
				IPHONEOS_DEPLOYMENT_TARGET = 9.0;
				LD_RUNPATH_SEARCH_PATHS = "$(inherited) @executable_path/Frameworks";
				PRODUCT_BUNDLE_IDENTIFIER = com.eamon.EMPageViewController;
				PRODUCT_NAME = "$(TARGET_NAME)";
				SWIFT_VERSION = 4.0;
				TARGETED_DEVICE_FAMILY = "1,2";
			};
			name = Debug;
		};
		F10D5D52203FF71B00A861F7 /* Release */ = {
			isa = XCBuildConfiguration;
			buildSettings = {
				ASSETCATALOG_COMPILER_APPICON_NAME = AppIcon;
				CODE_SIGN_STYLE = Automatic;
				DEVELOPMENT_TEAM = 5N8LXT5RPD;
				INFOPLIST_FILE = EMPageViewController/Info.plist;
				IPHONEOS_DEPLOYMENT_TARGET = 9.0;
				LD_RUNPATH_SEARCH_PATHS = "$(inherited) @executable_path/Frameworks";
				PRODUCT_BUNDLE_IDENTIFIER = com.eamon.EMPageViewController;
				PRODUCT_NAME = "$(TARGET_NAME)";
				SWIFT_VERSION = 4.0;
				TARGETED_DEVICE_FAMILY = "1,2";
			};
			name = Release;
		};
		F10D5D54203FF71B00A861F7 /* Debug */ = {
			isa = XCBuildConfiguration;
			buildSettings = {
				ALWAYS_EMBED_SWIFT_STANDARD_LIBRARIES = YES;
				BUNDLE_LOADER = "$(TEST_HOST)";
				CODE_SIGN_STYLE = Automatic;
				DEVELOPMENT_TEAM = 5N8LXT5RPD;
				INFOPLIST_FILE = EMPageViewControllerTests/Info.plist;
				LD_RUNPATH_SEARCH_PATHS = "$(inherited) @executable_path/Frameworks @loader_path/Frameworks";
				PRODUCT_BUNDLE_IDENTIFIER = com.eamon.EMPageViewControllerTests;
				PRODUCT_NAME = "$(TARGET_NAME)";
				SWIFT_VERSION = 4.0;
				TARGETED_DEVICE_FAMILY = "1,2";
				TEST_HOST = "$(BUILT_PRODUCTS_DIR)/EMPageViewController.app/EMPageViewController";
			};
			name = Debug;
		};
		F10D5D55203FF71B00A861F7 /* Release */ = {
			isa = XCBuildConfiguration;
			buildSettings = {
				ALWAYS_EMBED_SWIFT_STANDARD_LIBRARIES = YES;
				BUNDLE_LOADER = "$(TEST_HOST)";
				CODE_SIGN_STYLE = Automatic;
				DEVELOPMENT_TEAM = 5N8LXT5RPD;
				INFOPLIST_FILE = EMPageViewControllerTests/Info.plist;
				LD_RUNPATH_SEARCH_PATHS = "$(inherited) @executable_path/Frameworks @loader_path/Frameworks";
				PRODUCT_BUNDLE_IDENTIFIER = com.eamon.EMPageViewControllerTests;
				PRODUCT_NAME = "$(TARGET_NAME)";
				SWIFT_VERSION = 4.0;
				TARGETED_DEVICE_FAMILY = "1,2";
				TEST_HOST = "$(BUILT_PRODUCTS_DIR)/EMPageViewController.app/EMPageViewController";
			};
			name = Release;
		};
		F10D5D57203FF71B00A861F7 /* Debug */ = {
			isa = XCBuildConfiguration;
			buildSettings = {
				ALWAYS_EMBED_SWIFT_STANDARD_LIBRARIES = YES;
				CODE_SIGN_STYLE = Automatic;
				DEVELOPMENT_TEAM = 5N8LXT5RPD;
				INFOPLIST_FILE = EMPageViewControllerUITests/Info.plist;
				LD_RUNPATH_SEARCH_PATHS = "$(inherited) @executable_path/Frameworks @loader_path/Frameworks";
				PRODUCT_BUNDLE_IDENTIFIER = com.eamon.EMPageViewControllerUITests;
				PRODUCT_NAME = "$(TARGET_NAME)";
				SWIFT_VERSION = 4.0;
				TARGETED_DEVICE_FAMILY = "1,2";
				TEST_TARGET_NAME = EMPageViewController;
			};
			name = Debug;
		};
		F10D5D58203FF71B00A861F7 /* Release */ = {
			isa = XCBuildConfiguration;
			buildSettings = {
				ALWAYS_EMBED_SWIFT_STANDARD_LIBRARIES = YES;
				CODE_SIGN_STYLE = Automatic;
				DEVELOPMENT_TEAM = 5N8LXT5RPD;
				INFOPLIST_FILE = EMPageViewControllerUITests/Info.plist;
				LD_RUNPATH_SEARCH_PATHS = "$(inherited) @executable_path/Frameworks @loader_path/Frameworks";
				PRODUCT_BUNDLE_IDENTIFIER = com.eamon.EMPageViewControllerUITests;
				PRODUCT_NAME = "$(TARGET_NAME)";
				SWIFT_VERSION = 4.0;
				TARGETED_DEVICE_FAMILY = "1,2";
				TEST_TARGET_NAME = EMPageViewController;
			};
			name = Release;
		};
/* End XCBuildConfiguration section */

/* Begin XCConfigurationList section */
		F10D5D23203FF71B00A861F7 /* Build configuration list for PBXProject "EMPageViewController" */ = {
			isa = XCConfigurationList;
			buildConfigurations = (
				F10D5D4E203FF71B00A861F7 /* Debug */,
				F10D5D4F203FF71B00A861F7 /* Release */,
			);
			defaultConfigurationIsVisible = 0;
			defaultConfigurationName = Release;
		};
		F10D5D50203FF71B00A861F7 /* Build configuration list for PBXNativeTarget "EMPageViewController" */ = {
			isa = XCConfigurationList;
			buildConfigurations = (
				F10D5D51203FF71B00A861F7 /* Debug */,
				F10D5D52203FF71B00A861F7 /* Release */,
			);
			defaultConfigurationIsVisible = 0;
			defaultConfigurationName = Release;
		};
		F10D5D53203FF71B00A861F7 /* Build configuration list for PBXNativeTarget "EMPageViewControllerTests" */ = {
			isa = XCConfigurationList;
			buildConfigurations = (
				F10D5D54203FF71B00A861F7 /* Debug */,
				F10D5D55203FF71B00A861F7 /* Release */,
			);
			defaultConfigurationIsVisible = 0;
			defaultConfigurationName = Release;
		};
		F10D5D56203FF71B00A861F7 /* Build configuration list for PBXNativeTarget "EMPageViewControllerUITests" */ = {
			isa = XCConfigurationList;
			buildConfigurations = (
				F10D5D57203FF71B00A861F7 /* Debug */,
				F10D5D58203FF71B00A861F7 /* Release */,
			);
			defaultConfigurationIsVisible = 0;
			defaultConfigurationName = Release;
		};
/* End XCConfigurationList section */
	};
	rootObject = F10D5D20203FF71B00A861F7 /* Project object */;
}
